
Microsoft Visual Studio Solution File, Format Version 12.00
# Visual Studio 15
VisualStudioVersion = 15.0.26228.9
MinimumVisualStudioVersion = 10.0.40219.1
Project("{9A19103F-16F7-4668-BE54-9A1E7A4F7556}") = "SnmpSharpNet-Std", "SnmpSharpNet-Std.csproj", "{49C00462-2611-43A3-9241-C02F9199D86B}"
EndProject
Global
	GlobalSection(SolutionConfigurationPlatforms) = preSolution
		Debug|Any CPU = Debug|Any CPU
		Release|Any CPU = Release|Any CPU
	EndGlobalSection
	GlobalSection(ProjectConfigurationPlatforms) = postSolution
		{49C00462-2611-43A3-9241-C02F9199D86B}.Debug|Any CPU.ActiveCfg = Debug|Any CPU
		{49C00462-2611-43A3-9241-C02F9199D86B}.Debug|Any CPU.Build.0 = Debug|Any CPU
		{49C00462-2611-43A3-9241-C02F9199D86B}.Release|Any CPU.ActiveCfg = Release|Any CPU
		{49C00462-2611-43A3-9241-C02F9199D86B}.Release|Any CPU.Build.0 = Release|Any CPU
		{CE4D0BF8-AB3F-4A4D-8179-BC69D886F75C}.Debug|Any CPU.ActiveCfg = Debug|Any CPU
		{CE4D0BF8-AB3F-4A4D-8179-BC69D886F75C}.Debug|Any CPU.Build.0 = Debug|Any CPU
		{CE4D0BF8-AB3F-4A4D-8179-BC69D886F75C}.Release|Any CPU.ActiveCfg = Release|Any CPU
		{CE4D0BF8-AB3F-4A4D-8179-BC69D886F75C}.Release|Any CPU.Build.0 = Release|Any CPU
	EndGlobalSection
	GlobalSection(SolutionProperties) = preSolution
		HideSolutionNode = FALSE
	EndGlobalSection
EndGlobal
